
Microsoft Visual Studio Solution File, Format Version 12.00
# Visual Studio Version 17
VisualStudioVersion = 17.7.34003.232
MinimumVisualStudioVersion = 10.0.40219.1
Project("{FAE04EC0-301F-11D3-BF4B-00C04F79EFBC}") = "FinalProject-ChallengeAssignment", "FinalProject-ChallengeAssignment\FinalProject-ChallengeAssignment.csproj", "{15BC9FFC-2D53-4270-8301-462D0D22BEA3}"
EndProject
Global
	GlobalSection(SolutionConfigurationPlatforms) = preSolution
		Debug|Any CPU = Debug|Any CPU
		Release|Any CPU = Release|Any CPU
	EndGlobalSection
	GlobalSection(ProjectConfigurationPlatforms) = postSolution
		{15BC9FFC-2D53-4270-8301-462D0D22BEA3}.Debug|Any CPU.ActiveCfg = Debug|Any CPU
		{15BC9FFC-2D53-4270-8301-462D0D22BEA3}.Debug|Any CPU.Build.0 = Debug|Any CPU
		{15BC9FFC-2D53-4270-8301-462D0D22BEA3}.Release|Any CPU.ActiveCfg = Release|Any CPU
		{15BC9FFC-2D53-4270-8301-462D0D22BEA3}.Release|Any CPU.Build.0 = Release|Any CPU
	EndGlobalSection
	GlobalSection(SolutionProperties) = preSolution
		HideSolutionNode = FALSE
	EndGlobalSection
	GlobalSection(ExtensibilityGlobals) = postSolution
		SolutionGuid = {F954A441-A2FB-4E3B-98BD-4BDE971A1A8E}
	EndGlobalSection
EndGlobal
