
Microsoft Visual Studio Solution File, Format Version 12.00
# Visual Studio Version 16
VisualStudioVersion = 16.0.33529.622
MinimumVisualStudioVersion = 10.0.40219.1
Project("{FAE04EC0-301F-11D3-BF4B-00C04F79EFBC}") = "WritingRunningCodeAssignment", "WritingRunningCodeAssignment\WritingRunningCodeAssignment.csproj", "{1E21B678-10D7-4CA8-8480-98358952D9DB}"
EndProject
Global
	GlobalSection(SolutionConfigurationPlatforms) = preSolution
		Debug|Any CPU = Debug|Any CPU
		Release|Any CPU = Release|Any CPU
	EndGlobalSection
	GlobalSection(ProjectConfigurationPlatforms) = postSolution
		{1E21B678-10D7-4CA8-8480-98358952D9DB}.Debug|Any CPU.ActiveCfg = Debug|Any CPU
		{1E21B678-10D7-4CA8-8480-98358952D9DB}.Debug|Any CPU.Build.0 = Debug|Any CPU
		{1E21B678-10D7-4CA8-8480-98358952D9DB}.Release|Any CPU.ActiveCfg = Release|Any CPU
		{1E21B678-10D7-4CA8-8480-98358952D9DB}.Release|Any CPU.Build.0 = Release|Any CPU
	EndGlobalSection
	GlobalSection(SolutionProperties) = preSolution
		HideSolutionNode = FALSE
	EndGlobalSection
	GlobalSection(ExtensibilityGlobals) = postSolution
		SolutionGuid = {EEB8534D-A542-45C1-8758-56D57DD22D8C}
	EndGlobalSection
EndGlobal
