
Microsoft Visual Studio Solution File, Format Version 12.00
# Visual Studio Version 16
VisualStudioVersion = 16.0.33529.622
MinimumVisualStudioVersion = 10.0.40219.1
Project("{FAE04EC0-301F-11D3-BF4B-00C04F79EFBC}") = "Method-Class-Assignment", "Method-Class-Assignment\Method-Class-Assignment.csproj", "{6E307E97-E35F-4E45-AD0B-1EE9ABD14F9C}"
EndProject
Global
	GlobalSection(SolutionConfigurationPlatforms) = preSolution
		Debug|Any CPU = Debug|Any CPU
		Release|Any CPU = Release|Any CPU
	EndGlobalSection
	GlobalSection(ProjectConfigurationPlatforms) = postSolution
		{6E307E97-E35F-4E45-AD0B-1EE9ABD14F9C}.Debug|Any CPU.ActiveCfg = Debug|Any CPU
		{6E307E97-E35F-4E45-AD0B-1EE9ABD14F9C}.Debug|Any CPU.Build.0 = Debug|Any CPU
		{6E307E97-E35F-4E45-AD0B-1EE9ABD14F9C}.Release|Any CPU.ActiveCfg = Release|Any CPU
		{6E307E97-E35F-4E45-AD0B-1EE9ABD14F9C}.Release|Any CPU.Build.0 = Release|Any CPU
	EndGlobalSection
	GlobalSection(SolutionProperties) = preSolution
		HideSolutionNode = FALSE
	EndGlobalSection
	GlobalSection(ExtensibilityGlobals) = postSolution
		SolutionGuid = {2D062B89-5570-4C68-AF54-8D809D94B1F6}
	EndGlobalSection
EndGlobal
